
Microsoft Visual Studio Solution File, Format Version 12.00
# Visual Studio Version 17
VisualStudioVersion = 17.6.33723.286
MinimumVisualStudioVersion = 10.0.40219.1
Project("{FAE04EC0-301F-11D3-BF4B-00C04F79EFBC}") = "CustomASPNetCoreMVC", "CustomASPNetCoreMVC.csproj", "{66AD4D3F-ADDD-4024-ABE1-CD64D107435E}"
EndProject
Global
	GlobalSection(SolutionConfigurationPlatforms) = preSolution
		Debug|Any CPU = Debug|Any CPU
		Release|Any CPU = Release|Any CPU
	EndGlobalSection
	GlobalSection(ProjectConfigurationPlatforms) = postSolution
		{66AD4D3F-ADDD-4024-ABE1-CD64D107435E}.Debug|Any CPU.ActiveCfg = Debug|Any CPU
		{66AD4D3F-ADDD-4024-ABE1-CD64D107435E}.Debug|Any CPU.Build.0 = Debug|Any CPU
		{66AD4D3F-ADDD-4024-ABE1-CD64D107435E}.Release|Any CPU.ActiveCfg = Release|Any CPU
		{66AD4D3F-ADDD-4024-ABE1-CD64D107435E}.Release|Any CPU.Build.0 = Release|Any CPU
	EndGlobalSection
	GlobalSection(SolutionProperties) = preSolution
		HideSolutionNode = FALSE
	EndGlobalSection
	GlobalSection(ExtensibilityGlobals) = postSolution
		SolutionGuid = {F9FEA247-F27F-41A4-BC08-90DEC15FE8E6}
	EndGlobalSection
EndGlobal
